
Microsoft Visual Studio Solution File, Format Version 12.00
# Visual Studio Version 17
VisualStudioVersion = 17.12.35707.178 d17.12
MinimumVisualStudioVersion = 10.0.40219.1
Project("{FAE04EC0-301F-11D3-BF4B-00C04F79EFBC}") = "project.api", "project.api\project.api.csproj", "{EED94FAD-FD87-4BF5-A96F-DA9F78CDA1FF}"
EndProject
Project("{FAE04EC0-301F-11D3-BF4B-00C04F79EFBC}") = "project.Core", "project.Data\project.Core.csproj", "{C0E02868-9A27-4A2A-9847-AD8470ECA785}"
EndProject
Project("{FAE04EC0-301F-11D3-BF4B-00C04F79EFBC}") = "project.Data", "project.Core\project.Data.csproj", "{2C3D290D-04FF-4D4D-AF13-67188DB5EC58}"
EndProject
Project("{FAE04EC0-301F-11D3-BF4B-00C04F79EFBC}") = "project.Service", "project.Service\project.Service.csproj", "{6CBFA6E7-E292-4938-BBF0-13EAA0F7DDDC}"
EndProject
Global
	GlobalSection(SolutionConfigurationPlatforms) = preSolution
		Debug|Any CPU = Debug|Any CPU
		Release|Any CPU = Release|Any CPU
	EndGlobalSection
	GlobalSection(ProjectConfigurationPlatforms) = postSolution
		{EED94FAD-FD87-4BF5-A96F-DA9F78CDA1FF}.Debug|Any CPU.ActiveCfg = Debug|Any CPU
		{EED94FAD-FD87-4BF5-A96F-DA9F78CDA1FF}.Debug|Any CPU.Build.0 = Debug|Any CPU
		{EED94FAD-FD87-4BF5-A96F-DA9F78CDA1FF}.Release|Any CPU.ActiveCfg = Release|Any CPU
		{EED94FAD-FD87-4BF5-A96F-DA9F78CDA1FF}.Release|Any CPU.Build.0 = Release|Any CPU
		{C0E02868-9A27-4A2A-9847-AD8470ECA785}.Debug|Any CPU.ActiveCfg = Debug|Any CPU
		{C0E02868-9A27-4A2A-9847-AD8470ECA785}.Debug|Any CPU.Build.0 = Debug|Any CPU
		{C0E02868-9A27-4A2A-9847-AD8470ECA785}.Release|Any CPU.ActiveCfg = Release|Any CPU
		{C0E02868-9A27-4A2A-9847-AD8470ECA785}.Release|Any CPU.Build.0 = Release|Any CPU
		{2C3D290D-04FF-4D4D-AF13-67188DB5EC58}.Debug|Any CPU.ActiveCfg = Debug|Any CPU
		{2C3D290D-04FF-4D4D-AF13-67188DB5EC58}.Debug|Any CPU.Build.0 = Debug|Any CPU
		{2C3D290D-04FF-4D4D-AF13-67188DB5EC58}.Release|Any CPU.ActiveCfg = Release|Any CPU
		{2C3D290D-04FF-4D4D-AF13-67188DB5EC58}.Release|Any CPU.Build.0 = Release|Any CPU
		{6CBFA6E7-E292-4938-BBF0-13EAA0F7DDDC}.Debug|Any CPU.ActiveCfg = Debug|Any CPU
		{6CBFA6E7-E292-4938-BBF0-13EAA0F7DDDC}.Debug|Any CPU.Build.0 = Debug|Any CPU
		{6CBFA6E7-E292-4938-BBF0-13EAA0F7DDDC}.Release|Any CPU.ActiveCfg = Release|Any CPU
		{6CBFA6E7-E292-4938-BBF0-13EAA0F7DDDC}.Release|Any CPU.Build.0 = Release|Any CPU
	EndGlobalSection
	GlobalSection(SolutionProperties) = preSolution
		HideSolutionNode = FALSE
	EndGlobalSection
EndGlobal
